// !$*UTF8*$!
{
	archiveVersion = 1;
	classes = {
	};
	objectVersion = 77;
	objects = {

/* Begin PBXBuildFile section */
		06AB66658825314511E6CEC5 /* Classroom.swift in Sources */ = {isa = PBXBuildFile; fileRef = A6AFC5A163C75B5A2094F44E /* Classroom.swift */; };
		0C7D9933FBA78F3041AC90B0 /* TeacherAccess.swift in Sources */ = {isa = PBXBuildFile; fileRef = 009E5101A05C288AF42F6771 /* TeacherAccess.swift */; };
		30710A56AE066E4180B12B71 /* GameModel.swift in Sources */ = {isa = PBXBuildFile; fileRef = D259B38E50AA5235E837C4C8 /* GameModel.swift */; };
		4B3F49EAA678B938F05F534E /* TeacherView.swift in Sources */ = {isa = PBXBuildFile; fileRef = 77F4B50B3D3024DE1411DD75 /* TeacherView.swift */; };
		634B89D77B1F1EA4EA67E04A /* DoYouHaveMatchApp.swift in Sources */ = {isa = PBXBuildFile; fileRef = 4887D61432B42F0D3427C206 /* DoYouHaveMatchApp.swift */; };
		7B3C064D8D2CB8BBC4FF2328 /* Assets.xcassets in Resources */ = {isa = PBXBuildFile; fileRef = C9B12852D6B3B7A672A246B4 /* Assets.xcassets */; };
		8677A89E62E4BAA8F7A79389 /* ContentView.swift in Sources */ = {isa = PBXBuildFile; fileRef = 8C622DD1ACC9BF9CEDA5483E /* ContentView.swift */; };
/* End PBXBuildFile section */

/* Begin PBXFileReference section */
		009E5101A05C288AF42F6771 /* TeacherAccess.swift */ = {isa = PBXFileReference; lastKnownFileType = sourcecode.swift; path = TeacherAccess.swift; sourceTree = "<group>"; };
		38EB1909600D7A78DDE827A6 /* DoYouHaveMatch.app */ = {isa = PBXFileReference; includeInIndex = 0; lastKnownFileType = wrapper.application; path = DoYouHaveMatch.app; sourceTree = BUILT_PRODUCTS_DIR; };
		4887D61432B42F0D3427C206 /* DoYouHaveMatchApp.swift */ = {isa = PBXFileReference; lastKnownFileType = sourcecode.swift; path = DoYouHaveMatchApp.swift; sourceTree = "<group>"; };
		77F4B50B3D3024DE1411DD75 /* TeacherView.swift */ = {isa = PBXFileReference; lastKnownFileType = sourcecode.swift; path = TeacherView.swift; sourceTree = "<group>"; };
		8C622DD1ACC9BF9CEDA5483E /* ContentView.swift */ = {isa = PBXFileReference; lastKnownFileType = sourcecode.swift; path = ContentView.swift; sourceTree = "<group>"; };
		A6AFC5A163C75B5A2094F44E /* Classroom.swift */ = {isa = PBXFileReference; lastKnownFileType = sourcecode.swift; path = Classroom.swift; sourceTree = "<group>"; };
		C9B12852D6B3B7A672A246B4 /* Assets.xcassets */ = {isa = PBXFileReference; lastKnownFileType = folder.assetcatalog; path = Assets.xcassets; sourceTree = "<group>"; };
		D259B38E50AA5235E837C4C8 /* GameModel.swift */ = {isa = PBXFileReference; lastKnownFileType = sourcecode.swift; path = GameModel.swift; sourceTree = "<group>"; };
/* End PBXFileReference section */

/* Begin PBXGroup section */
		25129E828B84AB0ACD8C1DBC = {
			isa = PBXGroup;
			children = (
				C755FDF239635F10DA2750CE /* DoYouHaveMatch */,
				DEF5F4DF8C60A73A0435DD6E /* Products */,
			);
			sourceTree = "<group>";
		};
		C755FDF239635F10DA2750CE /* DoYouHaveMatch */ = {
			isa = PBXGroup;
			children = (
				C9B12852D6B3B7A672A246B4 /* Assets.xcassets */,
				A6AFC5A163C75B5A2094F44E /* Classroom.swift */,
				8C622DD1ACC9BF9CEDA5483E /* ContentView.swift */,
				4887D61432B42F0D3427C206 /* DoYouHaveMatchApp.swift */,
				D259B38E50AA5235E837C4C8 /* GameModel.swift */,
				009E5101A05C288AF42F6771 /* TeacherAccess.swift */,
				77F4B50B3D3024DE1411DD75 /* TeacherView.swift */,
			);
			path = DoYouHaveMatch;
			sourceTree = "<group>";
		};
		DEF5F4DF8C60A73A0435DD6E /* Products */ = {
			isa = PBXGroup;
			children = (
				38EB1909600D7A78DDE827A6 /* DoYouHaveMatch.app */,
			);
			name = Products;
			sourceTree = "<group>";
		};
/* End PBXGroup section */

/* Begin PBXNativeTarget section */
		0EEEECC07AB15E33B8674FD5 /* DoYouHaveMatch */ = {
			isa = PBXNativeTarget;
			buildConfigurationList = E22AB03C2E827462C8CFD40F /* Build configuration list for PBXNativeTarget "DoYouHaveMatch" */;
			buildPhases = (
				69047935EC9FC258C12412C1 /* Sources */,
				B9FF920A87859F8B0447D22A /* Resources */,
			);
			buildRules = (
			);
			dependencies = (
			);
			name = DoYouHaveMatch;
			packageProductDependencies = (
			);
			productName = DoYouHaveMatch;
			productReference = 38EB1909600D7A78DDE827A6 /* DoYouHaveMatch.app */;
			productType = "com.apple.product-type.application";
		};
/* End PBXNativeTarget section */

/* Begin PBXProject section */
		D73E8610D9BD87A52B98EAF5 /* Project object */ = {
			isa = PBXProject;
			attributes = {
				BuildIndependentTargetsInParallel = YES;
				LastUpgradeCheck = 1430;
				TargetAttributes = {
					0EEEECC07AB15E33B8674FD5 = {
						ProvisioningStyle = Automatic;
					};
				};
			};
			buildConfigurationList = D86A7695ED9AB6740A688AE1 /* Build configuration list for PBXProject "DoYouHaveMatch" */;
			developmentRegion = en;
			hasScannedForEncodings = 0;
			knownRegions = (
				Base,
				en,
			);
			mainGroup = 25129E828B84AB0ACD8C1DBC;
			minimizedProjectReferenceProxies = 1;
			preferredProjectObjectVersion = 77;
			productRefGroup = DEF5F4DF8C60A73A0435DD6E /* Products */;
			projectDirPath = "";
			projectRoot = "";
			targets = (
				0EEEECC07AB15E33B8674FD5 /* DoYouHaveMatch */,
			);
		};
/* End PBXProject section */

/* Begin PBXResourcesBuildPhase section */
		B9FF920A87859F8B0447D22A /* Resources */ = {
			isa = PBXResourcesBuildPhase;
			buildActionMask = 2147483647;
			files = (
				7B3C064D8D2CB8BBC4FF2328 /* Assets.xcassets in Resources */,
			);
			runOnlyForDeploymentPostprocessing = 0;
		};
/* End PBXResourcesBuildPhase section */

/* Begin PBXSourcesBuildPhase section */
		69047935EC9FC258C12412C1 /* Sources */ = {
			isa = PBXSourcesBuildPhase;
			buildActionMask = 2147483647;
			files = (
				06AB66658825314511E6CEC5 /* Classroom.swift in Sources */,
				8677A89E62E4BAA8F7A79389 /* ContentView.swift in Sources */,
				634B89D77B1F1EA4EA67E04A /* DoYouHaveMatchApp.swift in Sources */,
				30710A56AE066E4180B12B71 /* GameModel.swift in Sources */,
				0C7D9933FBA78F3041AC90B0 /* TeacherAccess.swift in Sources */,
				4B3F49EAA678B938F05F534E /* TeacherView.swift in Sources */,
			);
			runOnlyForDeploymentPostprocessing = 0;
		};
/* End PBXSourcesBuildPhase section */

/* Begin XCBuildConfiguration section */
		2373278B51784CA01976354A /* Release */ = {
			isa = XCBuildConfiguration;
			buildSettings = {
				ALWAYS_SEARCH_USER_PATHS = NO;
				CLANG_ANALYZER_NONNULL = YES;
				CLANG_ANALYZER_NUMBER_OBJECT_CONVERSION = YES_AGGRESSIVE;
				CLANG_CXX_LANGUAGE_STANDARD = "gnu++14";
				CLANG_CXX_LIBRARY = "libc++";
				CLANG_ENABLE_MODULES = YES;
				CLANG_ENABLE_OBJC_ARC = YES;
				CLANG_ENABLE_OBJC_WEAK = YES;
				CLANG_WARN_BLOCK_CAPTURE_AUTORELEASING = YES;
				CLANG_WARN_BOOL_CONVERSION = YES;
				CLANG_WARN_COMMA = YES;
				CLANG_WARN_CONSTANT_CONVERSION = YES;
				CLANG_WARN_DEPRECATED_OBJC_IMPLEMENTATIONS = YES;
				CLANG_WARN_DIRECT_OBJC_ISA_USAGE = YES_ERROR;
				CLANG_WARN_DOCUMENTATION_COMMENTS = YES;
				CLANG_WARN_EMPTY_BODY = YES;
				CLANG_WARN_ENUM_CONVERSION = YES;
				CLANG_WARN_INFINITE_RECURSION = YES;
				CLANG_WARN_INT_CONVERSION = YES;
				CLANG_WARN_NON_LITERAL_NULL_CONVERSION = YES;
				CLANG_WARN_OBJC_IMPLICIT_RETAIN_SELF = YES;
				CLANG_WARN_OBJC_LITERAL_CONVERSION = YES;
				CLANG_WARN_OBJC_ROOT_CLASS = YES_ERROR;
				CLANG_WARN_QUOTED_INCLUDE_IN_FRAMEWORK_HEADER = YES;
				CLANG_WARN_RANGE_LOOP_ANALYSIS = YES;
				CLANG_WARN_STRICT_PROTOTYPES = YES;
				CLANG_WARN_SUSPICIOUS_MOVE = YES;
				CLANG_WARN_UNGUARDED_AVAILABILITY = YES_AGGRESSIVE;
				CLANG_WARN_UNREACHABLE_CODE = YES;
				CLANG_WARN__DUPLICATE_METHOD_MATCH = YES;
				COPY_PHASE_STRIP = NO;
				DEBUG_INFORMATION_FORMAT = "dwarf-with-dsym";
				ENABLE_NS_ASSERTIONS = NO;
				ENABLE_STRICT_OBJC_MSGSEND = YES;
				GCC_C_LANGUAGE_STANDARD = gnu11;
				GCC_NO_COMMON_BLOCKS = YES;
				GCC_WARN_64_TO_32_BIT_CONVERSION = YES;
				GCC_WARN_ABOUT_RETURN_TYPE = YES_ERROR;
				GCC_WARN_UNDECLARED_SELECTOR = YES;
				GCC_WARN_UNINITIALIZED_AUTOS = YES_AGGRESSIVE;
				GCC_WARN_UNUSED_FUNCTION = YES;
				GCC_WARN_UNUSED_VARIABLE = YES;
				MTL_ENABLE_DEBUG_INFO = NO;
				MTL_FAST_MATH = YES;
				PRODUCT_NAME = "$(TARGET_NAME)";
				SDKROOT = iphoneos;
				SWIFT_COMPILATION_MODE = wholemodule;
				SWIFT_OPTIMIZATION_LEVEL = "-O";
				SWIFT_VERSION = 5.0;
			};
			name = Release;
		};
		418D4404BD1FD9C06DA5E91A /* Release */ = {
			isa = XCBuildConfiguration;
			buildSettings = {
				ASSETCATALOG_COMPILER_APPICON_NAME = AppIcon;
				CODE_SIGN_IDENTITY = "iPhone Developer";
				CODE_SIGN_STYLE = Automatic;
				GENERATE_INFOPLIST_FILE = YES;
				INFOPLIST_KEY_UILaunchScreen_Generation = YES;
				IPHONEOS_DEPLOYMENT_TARGET = 16.0;
				LD_RUNPATH_SEARCH_PATHS = (
					"$(inherited)",
					"@executable_path/Frameworks",
				);
				PRODUCT_BUNDLE_IDENTIFIER = jp.inagawa.DoYouHaveMatch;
				SDKROOT = iphoneos;
				SWIFT_VERSION = 5.0;
				TARGETED_DEVICE_FAMILY = 2;
			};
			name = Release;
		};
		7580C23E1031F22A2A71E6B3 /* Debug */ = {
			isa = XCBuildConfiguration;
			buildSettings = {
				ALWAYS_SEARCH_USER_PATHS = NO;
				CLANG_ANALYZER_NONNULL = YES;
				CLANG_ANALYZER_NUMBER_OBJECT_CONVERSION = YES_AGGRESSIVE;
				CLANG_CXX_LANGUAGE_STANDARD = "gnu++14";
				CLANG_CXX_LIBRARY = "libc++";
				CLANG_ENABLE_MODULES = YES;
				CLANG_ENABLE_OBJC_ARC = YES;
				CLANG_ENABLE_OBJC_WEAK = YES;
				CLANG_WARN_BLOCK_CAPTURE_AUTORELEASING = YES;
				CLANG_WARN_BOOL_CONVERSION = YES;
				CLANG_WARN_COMMA = YES;
				CLANG_WARN_CONSTANT_CONVERSION = YES;
				CLANG_WARN_DEPRECATED_OBJC_IMPLEMENTATIONS = YES;
				CLANG_WARN_DIRECT_OBJC_ISA_USAGE = YES_ERROR;
				CLANG_WARN_DOCUMENTATION_COMMENTS = YES;
				CLANG_WARN_EMPTY_BODY = YES;
				CLANG_WARN_ENUM_CONVERSION = YES;
				CLANG_WARN_INFINITE_RECURSION = YES;
				CLANG_WARN_INT_CONVERSION = YES;
				CLANG_WARN_NON_LITERAL_NULL_CONVERSION = YES;
				CLANG_WARN_OBJC_IMPLICIT_RETAIN_SELF = YES;
				CLANG_WARN_OBJC_LITERAL_CONVERSION = YES;
				CLANG_WARN_OBJC_ROOT_CLASS = YES_ERROR;
				CLANG_WARN_QUOTED_INCLUDE_IN_FRAMEWORK_HEADER = YES;
				CLANG_WARN_RANGE_LOOP_ANALYSIS = YES;
				CLANG_WARN_STRICT_PROTOTYPES = YES;
				CLANG_WARN_SUSPICIOUS_MOVE = YES;
				CLANG_WARN_UNGUARDED_AVAILABILITY = YES_AGGRESSIVE;
				CLANG_WARN_UNREACHABLE_CODE = YES;
				CLANG_WARN__DUPLICATE_METHOD_MATCH = YES;
				COPY_PHASE_STRIP = NO;
				DEBUG_INFORMATION_FORMAT = dwarf;
				ENABLE_STRICT_OBJC_MSGSEND = YES;
				ENABLE_TESTABILITY = YES;
				GCC_C_LANGUAGE_STANDARD = gnu11;
				GCC_DYNAMIC_NO_PIC = NO;
				GCC_NO_COMMON_BLOCKS = YES;
				GCC_OPTIMIZATION_LEVEL = 0;
				GCC_PREPROCESSOR_DEFINITIONS = (
					"$(inherited)",
					"DEBUG=1",
				);
				GCC_WARN_64_TO_32_BIT_CONVERSION = YES;
				GCC_WARN_ABOUT_RETURN_TYPE = YES_ERROR;
				GCC_WARN_UNDECLARED_SELECTOR = YES;
				GCC_WARN_UNINITIALIZED_AUTOS = YES_AGGRESSIVE;
				GCC_WARN_UNUSED_FUNCTION = YES;
				GCC_WARN_UNUSED_VARIABLE = YES;
				MTL_ENABLE_DEBUG_INFO = INCLUDE_SOURCE;
				MTL_FAST_MATH = YES;
				ONLY_ACTIVE_ARCH = YES;
				PRODUCT_NAME = "$(TARGET_NAME)";
				SDKROOT = iphoneos;
				SWIFT_ACTIVE_COMPILATION_CONDITIONS = DEBUG;
				SWIFT_OPTIMIZATION_LEVEL = "-Onone";
				SWIFT_VERSION = 5.0;
			};
			name = Debug;
		};
		E9EA8D209DA1C670DFBFD14F /* Debug */ = {
			isa = XCBuildConfiguration;
			buildSettings = {
				ASSETCATALOG_COMPILER_APPICON_NAME = AppIcon;
				CODE_SIGN_IDENTITY = "iPhone Developer";
				CODE_SIGN_STYLE = Automatic;
				GENERATE_INFOPLIST_FILE = YES;
				INFOPLIST_KEY_UILaunchScreen_Generation = YES;
				IPHONEOS_DEPLOYMENT_TARGET = 16.0;
				LD_RUNPATH_SEARCH_PATHS = (
					"$(inherited)",
					"@executable_path/Frameworks",
				);
				PRODUCT_BUNDLE_IDENTIFIER = jp.inagawa.DoYouHaveMatch;
				SDKROOT = iphoneos;
				SWIFT_VERSION = 5.0;
				TARGETED_DEVICE_FAMILY = 2;
			};
			name = Debug;
		};
/* End XCBuildConfiguration section */

/* Begin XCConfigurationList section */
		D86A7695ED9AB6740A688AE1 /* Build configuration list for PBXProject "DoYouHaveMatch" */ = {
			isa = XCConfigurationList;
			buildConfigurations = (
				7580C23E1031F22A2A71E6B3 /* Debug */,
				2373278B51784CA01976354A /* Release */,
			);
			defaultConfigurationIsVisible = 0;
			defaultConfigurationName = Debug;
		};
		E22AB03C2E827462C8CFD40F /* Build configuration list for PBXNativeTarget "DoYouHaveMatch" */ = {
			isa = XCConfigurationList;
			buildConfigurations = (
				E9EA8D209DA1C670DFBFD14F /* Debug */,
				418D4404BD1FD9C06DA5E91A /* Release */,
			);
			defaultConfigurationIsVisible = 0;
			defaultConfigurationName = Debug;
		};
/* End XCConfigurationList section */
	};
	rootObject = D73E8610D9BD87A52B98EAF5 /* Project object */;
}
